{
	"name": "node",
	"version": "1.0.0",
	"lockfileVersion": 1,
	"requires": true,
	"dependencies": {
		"cli.util": {
			"version": "git+https://git@github.com/anzerr/cli.util.git#1a4a22aa2c91d10053c629574880cc0263c580b5",
			"from": "git+https://git@github.com/anzerr/cli.util.git"
		},
		"dockerfile.util": {
			"version": "git+https://git@github.com/anzerr/dockerfile.util.git#afe91c4b869d3610277a0203e1144173c830fd07",
			"from": "git+https://git@github.com/anzerr/dockerfile.util.git",
			"requires": {
				"fs.promisify": "git+https://git@github.com/anzerr/fs.promisify.git"
			}
		},
		"eslint-config-basic": {
			"version": "git+https://git@github.com/anzerr/eslintrc.git#c4ac33cb2f9a64034839e6624a9911fb8cb55f4b",
			"from": "git+https://git@github.com/anzerr/eslintrc.git",
			"dev": true
		},
		"fs.mkdirp": {
			"version": "git+https://git@github.com/anzerr/fs.mkdirp.git#c5b66f7c4ff81b14b578fd1ea13752f6970d7c88",
			"from": "git+https://git@github.com/anzerr/fs.mkdirp.git"
		},
		"fs.promisify": {
			"version": "git+https://git@github.com/anzerr/fs.promisify.git#038e8e0169edd6935967afd303c537ab3ee2521a",
			"from": "git+https://git@github.com/anzerr/fs.promisify.git"
		}
	}
}
